
Microsoft Visual Studio Solution File, Format Version 12.00
# Visual Studio Version 16
VisualStudioVersion = 16.0.29209.62
MinimumVisualStudioVersion = 10.0.40219.1
Project("{FAE04EC0-301F-11D3-BF4B-00C04F79EFBC}") = "WebAppFSIS", "WebAppFSIS\WebAppFSIS.csproj", "{2D99955D-0AA9-468C-B75D-2F4E1106EA24}"
EndProject
Project("{FAE04EC0-301F-11D3-BF4B-00C04F79EFBC}") = "FSISSystem", "FSISSystem\FSISSystem.csproj", "{0B58CD53-3B82-40BA-B731-8EFA8AC95CA8}"
EndProject
Global
	GlobalSection(SolutionConfigurationPlatforms) = preSolution
		Debug|Any CPU = Debug|Any CPU
		Release|Any CPU = Release|Any CPU
	EndGlobalSection
	GlobalSection(ProjectConfigurationPlatforms) = postSolution
		{2D99955D-0AA9-468C-B75D-2F4E1106EA24}.Debug|Any CPU.ActiveCfg = Debug|Any CPU
		{2D99955D-0AA9-468C-B75D-2F4E1106EA24}.Debug|Any CPU.Build.0 = Debug|Any CPU
		{2D99955D-0AA9-468C-B75D-2F4E1106EA24}.Release|Any CPU.ActiveCfg = Release|Any CPU
		{2D99955D-0AA9-468C-B75D-2F4E1106EA24}.Release|Any CPU.Build.0 = Release|Any CPU
		{0B58CD53-3B82-40BA-B731-8EFA8AC95CA8}.Debug|Any CPU.ActiveCfg = Debug|Any CPU
		{0B58CD53-3B82-40BA-B731-8EFA8AC95CA8}.Debug|Any CPU.Build.0 = Debug|Any CPU
		{0B58CD53-3B82-40BA-B731-8EFA8AC95CA8}.Release|Any CPU.ActiveCfg = Release|Any CPU
		{0B58CD53-3B82-40BA-B731-8EFA8AC95CA8}.Release|Any CPU.Build.0 = Release|Any CPU
	EndGlobalSection
	GlobalSection(SolutionProperties) = preSolution
		HideSolutionNode = FALSE
	EndGlobalSection
	GlobalSection(ExtensibilityGlobals) = postSolution
		SolutionGuid = {F7E9CF50-6AFD-4C33-B41F-93B9F9C1A1EB}
	EndGlobalSection
EndGlobal
